name: Publish clock

# Publishes statsbadge-clock to PyPI, using trusted publishing: PyPI trusts this workflow via
# OIDC, so there is no long-lived API token to store or leak. Configure it once at
# pypi.org/manage/project/statsbadge-clock/settings/publishing/ with this repository, this
# workflow filename, and the `pypi` environment.
#
# One workflow per package rather than one reusable one called three times: PyPI matches on the
# filename of the workflow that runs, and a publisher that will not authenticate is a thing you
# find out at the moment of publishing.
#
# Four packages share this repository, so a release says which one it is for by its tag:
# clock-v0.1.0 publishes the clock and nothing else. The plain vN.N.N tags are statsbadge's own.
on:
  release:
    types: [published]
  workflow_dispatch:

permissions:
  contents: read

env:
  PACKAGE: statsbadge-clock
  DIRECTORY: extensions/statsbadge-clock
  TAG_PREFIX: clock-v

jobs:
  publish:
    name: Build and publish to PyPI
    # A release for another package in this repository is not this workflow's business.
    if: >
      github.event_name == 'workflow_dispatch'
      || startsWith(github.event.release.tag_name, 'clock-v')
    runs-on: ubuntu-latest
    environment: pypi
    permissions:
      id-token: write # for trusted publishing

    steps:
      - uses: actions/checkout@v7
        with:
          # The tag is the version, so the build has to be able to see it. A checkout of a tag
          # has it at HEAD either way; this keeps a run from a branch honest too.
          fetch-depth: 0

      # setup-uv publishes no v9 tag, only exact versions
      - uses: astral-sh/setup-uv@v9.0.0
        with:
          version: "0.9.2"

      - name: Build
        working-directory: ${{ env.DIRECTORY }}
        run: uv build

      - name: Check the built version is the tag
        working-directory: ${{ env.DIRECTORY }}
        run: |
          TAG="${GITHUB_REF_NAME#$TAG_PREFIX}"
          BUILT="$(ls dist/*.whl | head -1 | cut -d- -f2)"
          echo "tag=$TAG built=$BUILT"
          if [ "$GITHUB_REF_NAME" != "$TAG" ] && [ "$TAG" != "$BUILT" ]; then
            echo "::error::built $BUILT from tag $TAG - check pattern-prefix, or whether the"
            echo "::error::checkout could see the tag at all"
            exit 1
          fi

      - name: Publish
        working-directory: ${{ env.DIRECTORY }}
        run: uv publish --trusted-publishing always
